// !$*UTF8*$!
{
	archiveVersion = 1;
	classes = {
	};
	objectVersion = 50;
	objects = {

/* Begin PBXBuildFile section */
		531056C521E4F6E100746BF7 /* AppDelegate.swift in Sources */ = {isa = PBXBuildFile; fileRef = 531056C421E4F6E100746BF7 /* AppDelegate.swift */; };
		531056C721E4F6E100746BF7 /* ViewController.swift in Sources */ = {isa = PBXBuildFile; fileRef = 531056C621E4F6E100746BF7 /* ViewController.swift */; };
		531056CA21E4F6E100746BF7 /* Main.storyboard in Resources */ = {isa = PBXBuildFile; fileRef = 531056C821E4F6E100746BF7 /* Main.storyboard */; };
		531056CC21E4F6E400746BF7 /* Assets.xcassets in Resources */ = {isa = PBXBuildFile; fileRef = 531056CB21E4F6E400746BF7 /* Assets.xcassets */; };
		531056CF21E4F6E400746BF7 /* LaunchScreen.storyboard in Resources */ = {isa = PBXBuildFile; fileRef = 531056CD21E4F6E400746BF7 /* LaunchScreen.storyboard */; };
		531056DA21E4F6E400746BF7 /* Valencia_Julio_ISPTests.swift in Sources */ = {isa = PBXBuildFile; fileRef = 531056D921E4F6E400746BF7 /* Valencia_Julio_ISPTests.swift */; };
		531056E521E4F6E400746BF7 /* Valencia_Julio_ISPUITests.swift in Sources */ = {isa = PBXBuildFile; fileRef = 531056E421E4F6E400746BF7 /* Valencia_Julio_ISPUITests.swift */; };
		5315F2FF21FA5785006BDBF5 /* mario live up sound.mp3 in Resources */ = {isa = PBXBuildFile; fileRef = 5315F2FE21FA5785006BDBF5 /* mario live up sound.mp3 */; };
		5315F30121FA67F3006BDBF5 /* Mario-Kart-DS.ttf in Resources */ = {isa = PBXBuildFile; fileRef = 5315F30021FA67F3006BDBF5 /* Mario-Kart-DS.ttf */; };
		5315F30321FA682E006BDBF5 /* smbfont.ttf in Resources */ = {isa = PBXBuildFile; fileRef = 5315F30221FA682E006BDBF5 /* smbfont.ttf */; };
		5315F30521FA6848006BDBF5 /* Super-Mario-Bros--3.ttf in Resources */ = {isa = PBXBuildFile; fileRef = 5315F30421FA6848006BDBF5 /* Super-Mario-Bros--3.ttf */; };
		5383018521FA1B02005656C9 /* Mario Death Sound Effect.mp3 in Resources */ = {isa = PBXBuildFile; fileRef = 5383018421FA1B02005656C9 /* Mario Death Sound Effect.mp3 */; };
		5383018721FA1E03005656C9 /* mario sound.mp3 in Resources */ = {isa = PBXBuildFile; fileRef = 5383018621FA1E03005656C9 /* mario sound.mp3 */; };
		538AD32121F8C93A0027B066 /* File.swift in Sources */ = {isa = PBXBuildFile; fileRef = 538AD32021F8C93A0027B066 /* File.swift */; };
		53EE810C21F915A6008C6C89 /* MenuViewController.swift in Sources */ = {isa = PBXBuildFile; fileRef = 53EE810B21F915A6008C6C89 /* MenuViewController.swift */; };
		53EE810E21F915C7008C6C89 /* LeaderboardViewController.swift in Sources */ = {isa = PBXBuildFile; fileRef = 53EE810D21F915C7008C6C89 /* LeaderboardViewController.swift */; };
		BD96F09221F7B5CD001D1908 /* SuperMario256.ttf in Resources */ = {isa = PBXBuildFile; fileRef = BD96F09121F7B5CD001D1908 /* SuperMario256.ttf */; };
		BDC3D82621F7CF5F00E60F59 /* Super - Mario.mp3 in Resources */ = {isa = PBXBuildFile; fileRef = BDC3D82521F7CF5F00E60F59 /* Super - Mario.mp3 */; };
		BDC3D82921F7CFE100E60F59 /* AVFoundation.framework in Frameworks */ = {isa = PBXBuildFile; fileRef = BDC3D82821F7CFE100E60F59 /* AVFoundation.framework */; };
/* End PBXBuildFile section */

/* Begin PBXContainerItemProxy section */
		531056D621E4F6E400746BF7 /* PBXContainerItemProxy */ = {
			isa = PBXContainerItemProxy;
			containerPortal = 531056B921E4F6E100746BF7 /* Project object */;
			proxyType = 1;
			remoteGlobalIDString = 531056C021E4F6E100746BF7;
			remoteInfo = Valencia_Julio_ISP;
		};
		531056E121E4F6E400746BF7 /* PBXContainerItemProxy */ = {
			isa = PBXContainerItemProxy;
			containerPortal = 531056B921E4F6E100746BF7 /* Project object */;
			proxyType = 1;
			remoteGlobalIDString = 531056C021E4F6E100746BF7;
			remoteInfo = Valencia_Julio_ISP;
		};
/* End PBXContainerItemProxy section */

/* Begin PBXFileReference section */
		531056C121E4F6E100746BF7 /* Valencia_Julio_ISP.app */ = {isa = PBXFileReference; explicitFileType = wrapper.application; includeInIndex = 0; path = Valencia_Julio_ISP.app; sourceTree = BUILT_PRODUCTS_DIR; };
		531056C421E4F6E100746BF7 /* AppDelegate.swift */ = {isa = PBXFileReference; lastKnownFileType = sourcecode.swift; path = AppDelegate.swift; sourceTree = "<group>"; };
		531056C621E4F6E100746BF7 /* ViewController.swift */ = {isa = PBXFileReference; lastKnownFileType = sourcecode.swift; path = ViewController.swift; sourceTree = "<group>"; };
		531056C921E4F6E100746BF7 /* Base */ = {isa = PBXFileReference; lastKnownFileType = file.storyboard; name = Base; path = Base.lproj/Main.storyboard; sourceTree = "<group>"; };
		531056CB21E4F6E400746BF7 /* Assets.xcassets */ = {isa = PBXFileReference; lastKnownFileType = folder.assetcatalog; path = Assets.xcassets; sourceTree = "<group>"; };
		531056CE21E4F6E400746BF7 /* Base */ = {isa = PBXFileReference; lastKnownFileType = file.storyboard; name = Base; path = Base.lproj/LaunchScreen.storyboard; sourceTree = "<group>"; };
		531056D021E4F6E400746BF7 /* Info.plist */ = {isa = PBXFileReference; lastKnownFileType = text.plist.xml; path = Info.plist; sourceTree = "<group>"; };
		531056D521E4F6E400746BF7 /* Valencia_Julio_ISPTests.xctest */ = {isa = PBXFileReference; explicitFileType = wrapper.cfbundle; includeInIndex = 0; path = Valencia_Julio_ISPTests.xctest; sourceTree = BUILT_PRODUCTS_DIR; };
		531056D921E4F6E400746BF7 /* Valencia_Julio_ISPTests.swift */ = {isa = PBXFileReference; lastKnownFileType = sourcecode.swift; path = Valencia_Julio_ISPTests.swift; sourceTree = "<group>"; };
		531056DB21E4F6E400746BF7 /* Info.plist */ = {isa = PBXFileReference; lastKnownFileType = text.plist.xml; path = Info.plist; sourceTree = "<group>"; };
		531056E021E4F6E400746BF7 /* Valencia_Julio_ISPUITests.xctest */ = {isa = PBXFileReference; explicitFileType = wrapper.cfbundle; includeInIndex = 0; path = Valencia_Julio_ISPUITests.xctest; sourceTree = BUILT_PRODUCTS_DIR; };
		531056E421E4F6E400746BF7 /* Valencia_Julio_ISPUITests.swift */ = {isa = PBXFileReference; lastKnownFileType = sourcecode.swift; path = Valencia_Julio_ISPUITests.swift; sourceTree = "<group>"; };
		531056E621E4F6E400746BF7 /* Info.plist */ = {isa = PBXFileReference; lastKnownFileType = text.plist.xml; path = Info.plist; sourceTree = "<group>"; };
		5315F2FE21FA5785006BDBF5 /* mario live up sound.mp3 */ = {isa = PBXFileReference; lastKnownFileType = audio.mp3; path = "mario live up sound.mp3"; sourceTree = "<group>"; };
		5315F30021FA67F3006BDBF5 /* Mario-Kart-DS.ttf */ = {isa = PBXFileReference; lastKnownFileType = file; path = "Mario-Kart-DS.ttf"; sourceTree = "<group>"; };
		5315F30221FA682E006BDBF5 /* smbfont.ttf */ = {isa = PBXFileReference; lastKnownFileType = file; path = smbfont.ttf; sourceTree = "<group>"; };
		5315F30421FA6848006BDBF5 /* Super-Mario-Bros--3.ttf */ = {isa = PBXFileReference; lastKnownFileType = file; path = "Super-Mario-Bros--3.ttf"; sourceTree = "<group>"; };
		5383018421FA1B02005656C9 /* Mario Death Sound Effect.mp3 */ = {isa = PBXFileReference; lastKnownFileType = audio.mp3; path = "Mario Death Sound Effect.mp3"; sourceTree = "<group>"; };
		5383018621FA1E03005656C9 /* mario sound.mp3 */ = {isa = PBXFileReference; lastKnownFileType = audio.mp3; path = "mario sound.mp3"; sourceTree = "<group>"; };
		538AD32021F8C93A0027B066 /* File.swift */ = {isa = PBXFileReference; fileEncoding = 4; lastKnownFileType = sourcecode.swift; path = File.swift; sourceTree = "<group>"; };
		53EE810B21F915A6008C6C89 /* MenuViewController.swift */ = {isa = PBXFileReference; lastKnownFileType = sourcecode.swift; path = MenuViewController.swift; sourceTree = "<group>"; };
		53EE810D21F915C7008C6C89 /* LeaderboardViewController.swift */ = {isa = PBXFileReference; lastKnownFileType = sourcecode.swift; path = LeaderboardViewController.swift; sourceTree = "<group>"; };
		BD96F09121F7B5CD001D1908 /* SuperMario256.ttf */ = {isa = PBXFileReference; lastKnownFileType = file; path = SuperMario256.ttf; sourceTree = "<group>"; };
		BDC3D82521F7CF5F00E60F59 /* Super - Mario.mp3 */ = {isa = PBXFileReference; lastKnownFileType = audio.mp3; path = "Super - Mario.mp3"; sourceTree = "<group>"; };
		BDC3D82821F7CFE100E60F59 /* AVFoundation.framework */ = {isa = PBXFileReference; lastKnownFileType = wrapper.framework; name = AVFoundation.framework; path = System/Library/Frameworks/AVFoundation.framework; sourceTree = SDKROOT; };
/* End PBXFileReference section */

/* Begin PBXFrameworksBuildPhase section */
		531056BE21E4F6E100746BF7 /* Frameworks */ = {
			isa = PBXFrameworksBuildPhase;
			buildActionMask = 2147483647;
			files = (
				BDC3D82921F7CFE100E60F59 /* AVFoundation.framework in Frameworks */,
			);
			runOnlyForDeploymentPostprocessing = 0;
		};
		531056D221E4F6E400746BF7 /* Frameworks */ = {
			isa = PBXFrameworksBuildPhase;
			buildActionMask = 2147483647;
			files = (
			);
			runOnlyForDeploymentPostprocessing = 0;
		};
		531056DD21E4F6E400746BF7 /* Frameworks */ = {
			isa = PBXFrameworksBuildPhase;
			buildActionMask = 2147483647;
			files = (
			);
			runOnlyForDeploymentPostprocessing = 0;
		};
/* End PBXFrameworksBuildPhase section */

/* Begin PBXGroup section */
		531056B821E4F6E100746BF7 = {
			isa = PBXGroup;
			children = (
				BDC3D82421F7CF4500E60F59 /* Sounds */,
				BD96F09021F7B580001D1908 /* New Group */,
				531056C321E4F6E100746BF7 /* Valencia_Julio_ISP */,
				531056D821E4F6E400746BF7 /* Valencia_Julio_ISPTests */,
				531056E321E4F6E400746BF7 /* Valencia_Julio_ISPUITests */,
				531056C221E4F6E100746BF7 /* Products */,
				BDC3D82721F7CFE000E60F59 /* Frameworks */,
			);
			sourceTree = "<group>";
		};
		531056C221E4F6E100746BF7 /* Products */ = {
			isa = PBXGroup;
			children = (
				531056C121E4F6E100746BF7 /* Valencia_Julio_ISP.app */,
				531056D521E4F6E400746BF7 /* Valencia_Julio_ISPTests.xctest */,
				531056E021E4F6E400746BF7 /* Valencia_Julio_ISPUITests.xctest */,
			);
			name = Products;
			sourceTree = "<group>";
		};
		531056C321E4F6E100746BF7 /* Valencia_Julio_ISP */ = {
			isa = PBXGroup;
			children = (
				53EE810B21F915A6008C6C89 /* MenuViewController.swift */,
				53EE810D21F915C7008C6C89 /* LeaderboardViewController.swift */,
				531056C421E4F6E100746BF7 /* AppDelegate.swift */,
				538AD32021F8C93A0027B066 /* File.swift */,
				531056C621E4F6E100746BF7 /* ViewController.swift */,
				531056C821E4F6E100746BF7 /* Main.storyboard */,
				531056CB21E4F6E400746BF7 /* Assets.xcassets */,
				531056CD21E4F6E400746BF7 /* LaunchScreen.storyboard */,
				531056D021E4F6E400746BF7 /* Info.plist */,
			);
			path = Valencia_Julio_ISP;
			sourceTree = "<group>";
		};
		531056D821E4F6E400746BF7 /* Valencia_Julio_ISPTests */ = {
			isa = PBXGroup;
			children = (
				531056D921E4F6E400746BF7 /* Valencia_Julio_ISPTests.swift */,
				531056DB21E4F6E400746BF7 /* Info.plist */,
			);
			path = Valencia_Julio_ISPTests;
			sourceTree = "<group>";
		};
		531056E321E4F6E400746BF7 /* Valencia_Julio_ISPUITests */ = {
			isa = PBXGroup;
			children = (
				531056E421E4F6E400746BF7 /* Valencia_Julio_ISPUITests.swift */,
				531056E621E4F6E400746BF7 /* Info.plist */,
			);
			path = Valencia_Julio_ISPUITests;
			sourceTree = "<group>";
		};
		BD96F09021F7B580001D1908 /* New Group */ = {
			isa = PBXGroup;
			children = (
				5315F30421FA6848006BDBF5 /* Super-Mario-Bros--3.ttf */,
				5315F30221FA682E006BDBF5 /* smbfont.ttf */,
				BD96F09121F7B5CD001D1908 /* SuperMario256.ttf */,
				5315F30021FA67F3006BDBF5 /* Mario-Kart-DS.ttf */,
			);
			path = "New Group";
			sourceTree = "<group>";
		};
		BDC3D82421F7CF4500E60F59 /* Sounds */ = {
			isa = PBXGroup;
			children = (
				5315F2FE21FA5785006BDBF5 /* mario live up sound.mp3 */,
				5383018621FA1E03005656C9 /* mario sound.mp3 */,
				5383018421FA1B02005656C9 /* Mario Death Sound Effect.mp3 */,
				BDC3D82521F7CF5F00E60F59 /* Super - Mario.mp3 */,
			);
			path = Sounds;
			sourceTree = "<group>";
		};
		BDC3D82721F7CFE000E60F59 /* Frameworks */ = {
			isa = PBXGroup;
			children = (
				BDC3D82821F7CFE100E60F59 /* AVFoundation.framework */,
			);
			name = Frameworks;
			sourceTree = "<group>";
		};
/* End PBXGroup section */

/* Begin PBXNativeTarget section */
		531056C021E4F6E100746BF7 /* Valencia_Julio_ISP */ = {
			isa = PBXNativeTarget;
			buildConfigurationList = 531056E921E4F6E400746BF7 /* Build configuration list for PBXNativeTarget "Valencia_Julio_ISP" */;
			buildPhases = (
				531056BD21E4F6E100746BF7 /* Sources */,
				531056BE21E4F6E100746BF7 /* Frameworks */,
				531056BF21E4F6E100746BF7 /* Resources */,
			);
			buildRules = (
			);
			dependencies = (
			);
			name = Valencia_Julio_ISP;
			productName = Valencia_Julio_ISP;
			productReference = 531056C121E4F6E100746BF7 /* Valencia_Julio_ISP.app */;
			productType = "com.apple.product-type.application";
		};
		531056D421E4F6E400746BF7 /* Valencia_Julio_ISPTests */ = {
			isa = PBXNativeTarget;
			buildConfigurationList = 531056EC21E4F6E400746BF7 /* Build configuration list for PBXNativeTarget "Valencia_Julio_ISPTests" */;
			buildPhases = (
				531056D121E4F6E400746BF7 /* Sources */,
				531056D221E4F6E400746BF7 /* Frameworks */,
				531056D321E4F6E400746BF7 /* Resources */,
			);
			buildRules = (
			);
			dependencies = (
				531056D721E4F6E400746BF7 /* PBXTargetDependency */,
			);
			name = Valencia_Julio_ISPTests;
			productName = Valencia_Julio_ISPTests;
			productReference = 531056D521E4F6E400746BF7 /* Valencia_Julio_ISPTests.xctest */;
			productType = "com.apple.product-type.bundle.unit-test";
		};
		531056DF21E4F6E400746BF7 /* Valencia_Julio_ISPUITests */ = {
			isa = PBXNativeTarget;
			buildConfigurationList = 531056EF21E4F6E400746BF7 /* Build configuration list for PBXNativeTarget "Valencia_Julio_ISPUITests" */;
			buildPhases = (
				531056DC21E4F6E400746BF7 /* Sources */,
				531056DD21E4F6E400746BF7 /* Frameworks */,
				531056DE21E4F6E400746BF7 /* Resources */,
			);
			buildRules = (
			);
			dependencies = (
				531056E221E4F6E400746BF7 /* PBXTargetDependency */,
			);
			name = Valencia_Julio_ISPUITests;
			productName = Valencia_Julio_ISPUITests;
			productReference = 531056E021E4F6E400746BF7 /* Valencia_Julio_ISPUITests.xctest */;
			productType = "com.apple.product-type.bundle.ui-testing";
		};
/* End PBXNativeTarget section */

/* Begin PBXProject section */
		531056B921E4F6E100746BF7 /* Project object */ = {
			isa = PBXProject;
			attributes = {
				LastSwiftUpdateCheck = 1000;
				LastUpgradeCheck = 1000;
				ORGANIZATIONNAME = "Period Two";
				TargetAttributes = {
					531056C021E4F6E100746BF7 = {
						CreatedOnToolsVersion = 10.0;
					};
					531056D421E4F6E400746BF7 = {
						CreatedOnToolsVersion = 10.0;
						TestTargetID = 531056C021E4F6E100746BF7;
					};
					531056DF21E4F6E400746BF7 = {
						CreatedOnToolsVersion = 10.0;
						TestTargetID = 531056C021E4F6E100746BF7;
					};
				};
			};
			buildConfigurationList = 531056BC21E4F6E100746BF7 /* Build configuration list for PBXProject "Valencia_Julio_ISP" */;
			compatibilityVersion = "Xcode 9.3";
			developmentRegion = en;
			hasScannedForEncodings = 0;
			knownRegions = (
				en,
				Base,
			);
			mainGroup = 531056B821E4F6E100746BF7;
			productRefGroup = 531056C221E4F6E100746BF7 /* Products */;
			projectDirPath = "";
			projectRoot = "";
			targets = (
				531056C021E4F6E100746BF7 /* Valencia_Julio_ISP */,
				531056D421E4F6E400746BF7 /* Valencia_Julio_ISPTests */,
				531056DF21E4F6E400746BF7 /* Valencia_Julio_ISPUITests */,
			);
		};
/* End PBXProject section */

/* Begin PBXResourcesBuildPhase section */
		531056BF21E4F6E100746BF7 /* Resources */ = {
			isa = PBXResourcesBuildPhase;
			buildActionMask = 2147483647;
			files = (
				531056CF21E4F6E400746BF7 /* LaunchScreen.storyboard in Resources */,
				5315F30121FA67F3006BDBF5 /* Mario-Kart-DS.ttf in Resources */,
				BD96F09221F7B5CD001D1908 /* SuperMario256.ttf in Resources */,
				531056CC21E4F6E400746BF7 /* Assets.xcassets in Resources */,
				5315F2FF21FA5785006BDBF5 /* mario live up sound.mp3 in Resources */,
				5315F30521FA6848006BDBF5 /* Super-Mario-Bros--3.ttf in Resources */,
				531056CA21E4F6E100746BF7 /* Main.storyboard in Resources */,
				5383018721FA1E03005656C9 /* mario sound.mp3 in Resources */,
				5383018521FA1B02005656C9 /* Mario Death Sound Effect.mp3 in Resources */,
				5315F30321FA682E006BDBF5 /* smbfont.ttf in Resources */,
				BDC3D82621F7CF5F00E60F59 /* Super - Mario.mp3 in Resources */,
			);
			runOnlyForDeploymentPostprocessing = 0;
		};
		531056D321E4F6E400746BF7 /* Resources */ = {
			isa = PBXResourcesBuildPhase;
			buildActionMask = 2147483647;
			files = (
			);
			runOnlyForDeploymentPostprocessing = 0;
		};
		531056DE21E4F6E400746BF7 /* Resources */ = {
			isa = PBXResourcesBuildPhase;
			buildActionMask = 2147483647;
			files = (
			);
			runOnlyForDeploymentPostprocessing = 0;
		};
/* End PBXResourcesBuildPhase section */

/* Begin PBXSourcesBuildPhase section */
		531056BD21E4F6E100746BF7 /* Sources */ = {
			isa = PBXSourcesBuildPhase;
			buildActionMask = 2147483647;
			files = (
				531056C721E4F6E100746BF7 /* ViewController.swift in Sources */,
				538AD32121F8C93A0027B066 /* File.swift in Sources */,
				53EE810E21F915C7008C6C89 /* LeaderboardViewController.swift in Sources */,
				531056C521E4F6E100746BF7 /* AppDelegate.swift in Sources */,
				53EE810C21F915A6008C6C89 /* MenuViewController.swift in Sources */,
			);
			runOnlyForDeploymentPostprocessing = 0;
		};
		531056D121E4F6E400746BF7 /* Sources */ = {
			isa = PBXSourcesBuildPhase;
			buildActionMask = 2147483647;
			files = (
				531056DA21E4F6E400746BF7 /* Valencia_Julio_ISPTests.swift in Sources */,
			);
			runOnlyForDeploymentPostprocessing = 0;
		};
		531056DC21E4F6E400746BF7 /* Sources */ = {
			isa = PBXSourcesBuildPhase;
			buildActionMask = 2147483647;
			files = (
				531056E521E4F6E400746BF7 /* Valencia_Julio_ISPUITests.swift in Sources */,
			);
			runOnlyForDeploymentPostprocessing = 0;
		};
/* End PBXSourcesBuildPhase section */

/* Begin PBXTargetDependency section */
		531056D721E4F6E400746BF7 /* PBXTargetDependency */ = {
			isa = PBXTargetDependency;
			target = 531056C021E4F6E100746BF7 /* Valencia_Julio_ISP */;
			targetProxy = 531056D621E4F6E400746BF7 /* PBXContainerItemProxy */;
		};
		531056E221E4F6E400746BF7 /* PBXTargetDependency */ = {
			isa = PBXTargetDependency;
			target = 531056C021E4F6E100746BF7 /* Valencia_Julio_ISP */;
			targetProxy = 531056E121E4F6E400746BF7 /* PBXContainerItemProxy */;
		};
/* End PBXTargetDependency section */

/* Begin PBXVariantGroup section */
		531056C821E4F6E100746BF7 /* Main.storyboard */ = {
			isa = PBXVariantGroup;
			children = (
				531056C921E4F6E100746BF7 /* Base */,
			);
			name = Main.storyboard;
			sourceTree = "<group>";
		};
		531056CD21E4F6E400746BF7 /* LaunchScreen.storyboard */ = {
			isa = PBXVariantGroup;
			children = (
				531056CE21E4F6E400746BF7 /* Base */,
			);
			name = LaunchScreen.storyboard;
			sourceTree = "<group>";
		};
/* End PBXVariantGroup section */

/* Begin XCBuildConfiguration section */
		531056E721E4F6E400746BF7 /* Debug */ = {
			isa = XCBuildConfiguration;
			buildSettings = {
				ALWAYS_SEARCH_USER_PATHS = NO;
				CLANG_ANALYZER_NONNULL = YES;
				CLANG_ANALYZER_NUMBER_OBJECT_CONVERSION = YES_AGGRESSIVE;
				CLANG_CXX_LANGUAGE_STANDARD = "gnu++14";
				CLANG_CXX_LIBRARY = "libc++";
				CLANG_ENABLE_MODULES = YES;
				CLANG_ENABLE_OBJC_ARC = YES;
				CLANG_ENABLE_OBJC_WEAK = YES;
				CLANG_WARN_BLOCK_CAPTURE_AUTORELEASING = YES;
				CLANG_WARN_BOOL_CONVERSION = YES;
				CLANG_WARN_COMMA = YES;
				CLANG_WARN_CONSTANT_CONVERSION = YES;
				CLANG_WARN_DEPRECATED_OBJC_IMPLEMENTATIONS = YES;
				CLANG_WARN_DIRECT_OBJC_ISA_USAGE = YES_ERROR;
				CLANG_WARN_DOCUMENTATION_COMMENTS = YES;
				CLANG_WARN_EMPTY_BODY = YES;
				CLANG_WARN_ENUM_CONVERSION = YES;
				CLANG_WARN_INFINITE_RECURSION = YES;
				CLANG_WARN_INT_CONVERSION = YES;
				CLANG_WARN_NON_LITERAL_NULL_CONVERSION = YES;
				CLANG_WARN_OBJC_IMPLICIT_RETAIN_SELF = YES;
				CLANG_WARN_OBJC_LITERAL_CONVERSION = YES;
				CLANG_WARN_OBJC_ROOT_CLASS = YES_ERROR;
				CLANG_WARN_RANGE_LOOP_ANALYSIS = YES;
				CLANG_WARN_STRICT_PROTOTYPES = YES;
				CLANG_WARN_SUSPICIOUS_MOVE = YES;
				CLANG_WARN_UNGUARDED_AVAILABILITY = YES_AGGRESSIVE;
				CLANG_WARN_UNREACHABLE_CODE = YES;
				CLANG_WARN__DUPLICATE_METHOD_MATCH = YES;
				CODE_SIGN_IDENTITY = "iPhone Developer";
				COPY_PHASE_STRIP = NO;
				DEBUG_INFORMATION_FORMAT = dwarf;
				ENABLE_STRICT_OBJC_MSGSEND = YES;
				ENABLE_TESTABILITY = YES;
				GCC_C_LANGUAGE_STANDARD = gnu11;
				GCC_DYNAMIC_NO_PIC = NO;
				GCC_NO_COMMON_BLOCKS = YES;
				GCC_OPTIMIZATION_LEVEL = 0;
				GCC_PREPROCESSOR_DEFINITIONS = (
					"DEBUG=1",
					"$(inherited)",
				);
				GCC_WARN_64_TO_32_BIT_CONVERSION = YES;
				GCC_WARN_ABOUT_RETURN_TYPE = YES_ERROR;
				GCC_WARN_UNDECLARED_SELECTOR = YES;
				GCC_WARN_UNINITIALIZED_AUTOS = YES_AGGRESSIVE;
				GCC_WARN_UNUSED_FUNCTION = YES;
				GCC_WARN_UNUSED_VARIABLE = YES;
				IPHONEOS_DEPLOYMENT_TARGET = 12.0;
				MTL_ENABLE_DEBUG_INFO = INCLUDE_SOURCE;
				MTL_FAST_MATH = YES;
				ONLY_ACTIVE_ARCH = YES;
				SDKROOT = iphoneos;
				SWIFT_ACTIVE_COMPILATION_CONDITIONS = DEBUG;
				SWIFT_OPTIMIZATION_LEVEL = "-Onone";
			};
			name = Debug;
		};
		531056E821E4F6E400746BF7 /* Release */ = {
			isa = XCBuildConfiguration;
			buildSettings = {
				ALWAYS_SEARCH_USER_PATHS = NO;
				CLANG_ANALYZER_NONNULL = YES;
				CLANG_ANALYZER_NUMBER_OBJECT_CONVERSION = YES_AGGRESSIVE;
				CLANG_CXX_LANGUAGE_STANDARD = "gnu++14";
				CLANG_CXX_LIBRARY = "libc++";
				CLANG_ENABLE_MODULES = YES;
				CLANG_ENABLE_OBJC_ARC = YES;
				CLANG_ENABLE_OBJC_WEAK = YES;
				CLANG_WARN_BLOCK_CAPTURE_AUTORELEASING = YES;
				CLANG_WARN_BOOL_CONVERSION = YES;
				CLANG_WARN_COMMA = YES;
				CLANG_WARN_CONSTANT_CONVERSION = YES;
				CLANG_WARN_DEPRECATED_OBJC_IMPLEMENTATIONS = YES;
				CLANG_WARN_DIRECT_OBJC_ISA_USAGE = YES_ERROR;
				CLANG_WARN_DOCUMENTATION_COMMENTS = YES;
				CLANG_WARN_EMPTY_BODY = YES;
				CLANG_WARN_ENUM_CONVERSION = YES;
				CLANG_WARN_INFINITE_RECURSION = YES;
				CLANG_WARN_INT_CONVERSION = YES;
				CLANG_WARN_NON_LITERAL_NULL_CONVERSION = YES;
				CLANG_WARN_OBJC_IMPLICIT_RETAIN_SELF = YES;
				CLANG_WARN_OBJC_LITERAL_CONVERSION = YES;
				CLANG_WARN_OBJC_ROOT_CLASS = YES_ERROR;
				CLANG_WARN_RANGE_LOOP_ANALYSIS = YES;
				CLANG_WARN_STRICT_PROTOTYPES = YES;
				CLANG_WARN_SUSPICIOUS_MOVE = YES;
				CLANG_WARN_UNGUARDED_AVAILABILITY = YES_AGGRESSIVE;
				CLANG_WARN_UNREACHABLE_CODE = YES;
				CLANG_WARN__DUPLICATE_METHOD_MATCH = YES;
				CODE_SIGN_IDENTITY = "iPhone Developer";
				COPY_PHASE_STRIP = NO;
				DEBUG_INFORMATION_FORMAT = "dwarf-with-dsym";
				ENABLE_NS_ASSERTIONS = NO;
				ENABLE_STRICT_OBJC_MSGSEND = YES;
				GCC_C_LANGUAGE_STANDARD = gnu11;
				GCC_NO_COMMON_BLOCKS = YES;
				GCC_WARN_64_TO_32_BIT_CONVERSION = YES;
				GCC_WARN_ABOUT_RETURN_TYPE = YES_ERROR;
				GCC_WARN_UNDECLARED_SELECTOR = YES;
				GCC_WARN_UNINITIALIZED_AUTOS = YES_AGGRESSIVE;
				GCC_WARN_UNUSED_FUNCTION = YES;
				GCC_WARN_UNUSED_VARIABLE = YES;
				IPHONEOS_DEPLOYMENT_TARGET = 12.0;
				MTL_ENABLE_DEBUG_INFO = NO;
				MTL_FAST_MATH = YES;
				SDKROOT = iphoneos;
				SWIFT_COMPILATION_MODE = wholemodule;
				SWIFT_OPTIMIZATION_LEVEL = "-O";
				VALIDATE_PRODUCT = YES;
			};
			name = Release;
		};
		531056EA21E4F6E400746BF7 /* Debug */ = {
			isa = XCBuildConfiguration;
			buildSettings = {
				ASSETCATALOG_COMPILER_APPICON_NAME = AppIcon;
				CODE_SIGN_STYLE = Automatic;
				DEVELOPMENT_TEAM = Y747P9XLJ9;
				INFOPLIST_FILE = Valencia_Julio_ISP/Info.plist;
				LD_RUNPATH_SEARCH_PATHS = (
					"$(inherited)",
					"@executable_path/Frameworks",
				);
				PRODUCT_BUNDLE_IDENTIFIER = "Seb.Valencia-Julio-ISP";
				PRODUCT_NAME = "$(TARGET_NAME)";
				SWIFT_VERSION = 4.2;
				TARGETED_DEVICE_FAMILY = "1,2";
			};
			name = Debug;
		};
		531056EB21E4F6E400746BF7 /* Release */ = {
			isa = XCBuildConfiguration;
			buildSettings = {
				ASSETCATALOG_COMPILER_APPICON_NAME = AppIcon;
				CODE_SIGN_STYLE = Automatic;
				DEVELOPMENT_TEAM = Y747P9XLJ9;
				INFOPLIST_FILE = Valencia_Julio_ISP/Info.plist;
				LD_RUNPATH_SEARCH_PATHS = (
					"$(inherited)",
					"@executable_path/Frameworks",
				);
				PRODUCT_BUNDLE_IDENTIFIER = "Seb.Valencia-Julio-ISP";
				PRODUCT_NAME = "$(TARGET_NAME)";
				SWIFT_VERSION = 4.2;
				TARGETED_DEVICE_FAMILY = "1,2";
			};
			name = Release;
		};
		531056ED21E4F6E400746BF7 /* Debug */ = {
			isa = XCBuildConfiguration;
			buildSettings = {
				ALWAYS_EMBED_SWIFT_STANDARD_LIBRARIES = YES;
				BUNDLE_LOADER = "$(TEST_HOST)";
				CODE_SIGN_STYLE = Automatic;
				INFOPLIST_FILE = Valencia_Julio_ISPTests/Info.plist;
				LD_RUNPATH_SEARCH_PATHS = (
					"$(inherited)",
					"@executable_path/Frameworks",
					"@loader_path/Frameworks",
				);
				PRODUCT_BUNDLE_IDENTIFIER = "Seb.Valencia-Julio-ISPTests";
				PRODUCT_NAME = "$(TARGET_NAME)";
				SWIFT_VERSION = 4.2;
				TARGETED_DEVICE_FAMILY = "1,2";
				TEST_HOST = "$(BUILT_PRODUCTS_DIR)/Valencia_Julio_ISP.app/Valencia_Julio_ISP";
			};
			name = Debug;
		};
		531056EE21E4F6E400746BF7 /* Release */ = {
			isa = XCBuildConfiguration;
			buildSettings = {
				ALWAYS_EMBED_SWIFT_STANDARD_LIBRARIES = YES;
				BUNDLE_LOADER = "$(TEST_HOST)";
				CODE_SIGN_STYLE = Automatic;
				INFOPLIST_FILE = Valencia_Julio_ISPTests/Info.plist;
				LD_RUNPATH_SEARCH_PATHS = (
					"$(inherited)",
					"@executable_path/Frameworks",
					"@loader_path/Frameworks",
				);
				PRODUCT_BUNDLE_IDENTIFIER = "Seb.Valencia-Julio-ISPTests";
				PRODUCT_NAME = "$(TARGET_NAME)";
				SWIFT_VERSION = 4.2;
				TARGETED_DEVICE_FAMILY = "1,2";
				TEST_HOST = "$(BUILT_PRODUCTS_DIR)/Valencia_Julio_ISP.app/Valencia_Julio_ISP";
			};
			name = Release;
		};
		531056F021E4F6E400746BF7 /* Debug */ = {
			isa = XCBuildConfiguration;
			buildSettings = {
				ALWAYS_EMBED_SWIFT_STANDARD_LIBRARIES = YES;
				CODE_SIGN_STYLE = Automatic;
				INFOPLIST_FILE = Valencia_Julio_ISPUITests/Info.plist;
				LD_RUNPATH_SEARCH_PATHS = (
					"$(inherited)",
					"@executable_path/Frameworks",
					"@loader_path/Frameworks",
				);
				PRODUCT_BUNDLE_IDENTIFIER = "Seb.Valencia-Julio-ISPUITests";
				PRODUCT_NAME = "$(TARGET_NAME)";
				SWIFT_VERSION = 4.2;
				TARGETED_DEVICE_FAMILY = "1,2";
				TEST_TARGET_NAME = Valencia_Julio_ISP;
			};
			name = Debug;
		};
		531056F121E4F6E400746BF7 /* Release */ = {
			isa = XCBuildConfiguration;
			buildSettings = {
				ALWAYS_EMBED_SWIFT_STANDARD_LIBRARIES = YES;
				CODE_SIGN_STYLE = Automatic;
				INFOPLIST_FILE = Valencia_Julio_ISPUITests/Info.plist;
				LD_RUNPATH_SEARCH_PATHS = (
					"$(inherited)",
					"@executable_path/Frameworks",
					"@loader_path/Frameworks",
				);
				PRODUCT_BUNDLE_IDENTIFIER = "Seb.Valencia-Julio-ISPUITests";
				PRODUCT_NAME = "$(TARGET_NAME)";
				SWIFT_VERSION = 4.2;
				TARGETED_DEVICE_FAMILY = "1,2";
				TEST_TARGET_NAME = Valencia_Julio_ISP;
			};
			name = Release;
		};
/* End XCBuildConfiguration section */

/* Begin XCConfigurationList section */
		531056BC21E4F6E100746BF7 /* Build configuration list for PBXProject "Valencia_Julio_ISP" */ = {
			isa = XCConfigurationList;
			buildConfigurations = (
				531056E721E4F6E400746BF7 /* Debug */,
				531056E821E4F6E400746BF7 /* Release */,
			);
			defaultConfigurationIsVisible = 0;
			defaultConfigurationName = Release;
		};
		531056E921E4F6E400746BF7 /* Build configuration list for PBXNativeTarget "Valencia_Julio_ISP" */ = {
			isa = XCConfigurationList;
			buildConfigurations = (
				531056EA21E4F6E400746BF7 /* Debug */,
				531056EB21E4F6E400746BF7 /* Release */,
			);
			defaultConfigurationIsVisible = 0;
			defaultConfigurationName = Release;
		};
		531056EC21E4F6E400746BF7 /* Build configuration list for PBXNativeTarget "Valencia_Julio_ISPTests" */ = {
			isa = XCConfigurationList;
			buildConfigurations = (
				531056ED21E4F6E400746BF7 /* Debug */,
				531056EE21E4F6E400746BF7 /* Release */,
			);
			defaultConfigurationIsVisible = 0;
			defaultConfigurationName = Release;
		};
		531056EF21E4F6E400746BF7 /* Build configuration list for PBXNativeTarget "Valencia_Julio_ISPUITests" */ = {
			isa = XCConfigurationList;
			buildConfigurations = (
				531056F021E4F6E400746BF7 /* Debug */,
				531056F121E4F6E400746BF7 /* Release */,
			);
			defaultConfigurationIsVisible = 0;
			defaultConfigurationName = Release;
		};
/* End XCConfigurationList section */
	};
	rootObject = 531056B921E4F6E100746BF7 /* Project object */;
}
